
Microsoft Visual Studio Solution File, Format Version 12.00
# Visual Studio Version 17
VisualStudioVersion = 17.14.36310.24
MinimumVisualStudioVersion = 10.0.40219.1
Project("{C9674DCB-5085-4A16-B785-4C70DD1589BD}") = "query", "query\query.dtproj", "{435EB595-A279-4758-AAF8-8D60A6F38ABF}"
EndProject
Global
	GlobalSection(SolutionConfigurationPlatforms) = preSolution
		Development|Default = Development|Default
	EndGlobalSection
	GlobalSection(ProjectConfigurationPlatforms) = postSolution
		{435EB595-A279-4758-AAF8-8D60A6F38ABF}.Development|Default.ActiveCfg = Development
		{435EB595-A279-4758-AAF8-8D60A6F38ABF}.Development|Default.Build.0 = Development
	EndGlobalSection
	GlobalSection(SolutionProperties) = preSolution
		HideSolutionNode = FALSE
	EndGlobalSection
	GlobalSection(ExtensibilityGlobals) = postSolution
		SolutionGuid = {EA0713B2-F804-4056-A9DE-463E10D90A16}
	EndGlobalSection
EndGlobal
